github.com/m4gshm/gollections v0.0.12 h1:MLJNwAOT83jLfIstyhuWjlx+XjabXFbjt5bCt8fUXOM=
github.com/m4gshm/gollections v0.0.12/go.mod h1:M98G706MBft2JXf3iKwtGEakS9tePLReKbG0dK5Fa0s=
golang.org/x/exp v0.0.0-20240531132922-fd00a4e0eefc h1:O9NuF4s+E/PvMIy+9IUZB9znFwUIXEWSstNjek6VpVg=
golang.org/x/exp v0.0.0-20240531132922-fd00a4e0eefc/go.mod h1:XtvwrStGgqGPLc4cjQfWqZHG1YFdYs6swckp8vpsjnc=
google.golang.org/protobuf v1.34.1 h1:9ddQBjfCyZPOHPUiPxpYESBLc+T8P3E+Vo4IbKZgFWg=
google.golang.org/protobuf v1.34.1/go.mod h1:c6P6GXX6sHbq/GpV6MGZEdwhWPcYBgnhAHhKbcUYpos=
